
Microsoft Visual Studio Solution File, Format Version 12.00
# Visual Studio 15
VisualStudioVersion = 15.0.27703.2047
MinimumVisualStudioVersion = 10.0.40219.1
Project("{FAE04EC0-301F-11D3-BF4B-00C04F79EFBC}") = "Labs_LinqToObjects", "Labs_LinqToObjects\Labs_LinqToObjects.csproj", "{07DD2D65-A598-4693-805E-63DD5F1AFEF7}"
EndProject
Global
	GlobalSection(SolutionConfigurationPlatforms) = preSolution
		Debug|Any CPU = Debug|Any CPU
		Release|Any CPU = Release|Any CPU
	EndGlobalSection
	GlobalSection(ProjectConfigurationPlatforms) = postSolution
		{07DD2D65-A598-4693-805E-63DD5F1AFEF7}.Debug|Any CPU.ActiveCfg = Debug|Any CPU
		{07DD2D65-A598-4693-805E-63DD5F1AFEF7}.Debug|Any CPU.Build.0 = Debug|Any CPU
		{07DD2D65-A598-4693-805E-63DD5F1AFEF7}.Release|Any CPU.ActiveCfg = Release|Any CPU
		{07DD2D65-A598-4693-805E-63DD5F1AFEF7}.Release|Any CPU.Build.0 = Release|Any CPU
	EndGlobalSection
	GlobalSection(SolutionProperties) = preSolution
		HideSolutionNode = FALSE
	EndGlobalSection
	GlobalSection(ExtensibilityGlobals) = postSolution
		SolutionGuid = {C1D22D59-EBA3-4784-99E0-B409480AEA6F}
	EndGlobalSection
EndGlobal
